// !$*UTF8*$!
{
	archiveVersion = 1;
	classes = {
	};
	objectVersion = 56;
	objects = {

/* Begin PBXBuildFile section */
		53E587312B235E8F00E4EF99 /* AristaApp.swift in Sources */ = {isa = PBXBuildFile; fileRef = 53E587302B235E8F00E4EF99 /* AristaApp.swift */; };
		53E587352B235E9000E4EF99 /* Assets.xcassets in Resources */ = {isa = PBXBuildFile; fileRef = 53E587342B235E9000E4EF99 /* Assets.xcassets */; };
		53E587382B235E9000E4EF99 /* Preview Assets.xcassets in Resources */ = {isa = PBXBuildFile; fileRef = 53E587372B235E9000E4EF99 /* Preview Assets.xcassets */; };
		53E5873A2B235E9000E4EF99 /* Persistence.swift in Sources */ = {isa = PBXBuildFile; fileRef = 53E587392B235E9000E4EF99 /* Persistence.swift */; };
		53E5873D2B235E9000E4EF99 /* Arista.xcdatamodeld in Sources */ = {isa = PBXBuildFile; fileRef = 53E5873B2B235E9000E4EF99 /* Arista.xcdatamodeld */; };
		53E587472B235E9000E4EF99 /* AristaTests.swift in Sources */ = {isa = PBXBuildFile; fileRef = 53E587462B235E9000E4EF99 /* AristaTests.swift */; };
		53E587632B235FF600E4EF99 /* UserDataView.swift in Sources */ = {isa = PBXBuildFile; fileRef = 53E587622B235FF600E4EF99 /* UserDataView.swift */; };
		53E587652B23600400E4EF99 /* ExerciseListView.swift in Sources */ = {isa = PBXBuildFile; fileRef = 53E587642B23600400E4EF99 /* ExerciseListView.swift */; };
		53E587672B23600C00E4EF99 /* SleepHistoryView.swift in Sources */ = {isa = PBXBuildFile; fileRef = 53E587662B23600C00E4EF99 /* SleepHistoryView.swift */; };
		53E587692B23616A00E4EF99 /* UserDataViewModel.swift in Sources */ = {isa = PBXBuildFile; fileRef = 53E587682B23616A00E4EF99 /* UserDataViewModel.swift */; };
		53E5876B2B23648500E4EF99 /* ExerciseListViewModel.swift in Sources */ = {isa = PBXBuildFile; fileRef = 53E5876A2B23648500E4EF99 /* ExerciseListViewModel.swift */; };
		53E5876D2B236D9E00E4EF99 /* AddExerciseView.swift in Sources */ = {isa = PBXBuildFile; fileRef = 53E5876C2B236D9E00E4EF99 /* AddExerciseView.swift */; };
		53E5876F2B236DBC00E4EF99 /* AddExerciseViewModel.swift in Sources */ = {isa = PBXBuildFile; fileRef = 53E5876E2B236DBC00E4EF99 /* AddExerciseViewModel.swift */; };
		53E587712B23714800E4EF99 /* SleepHistoryViewModel.swift in Sources */ = {isa = PBXBuildFile; fileRef = 53E587702B23714800E4EF99 /* SleepHistoryViewModel.swift */; };
		653CB44F2F79473800B89AAB /* AppTheme.swift in Sources */ = {isa = PBXBuildFile; fileRef = 653CB44D2F793DE200B89AAB /* AppTheme.swift */; };
		65D5684C2F6FD3CD008DFBE0 /* UserRepository.swift in Sources */ = {isa = PBXBuildFile; fileRef = 65D5684B2F6FD3CD008DFBE0 /* UserRepository.swift */; };
		65D5684E2F6FD4E2008DFBE0 /* SleepRepository.swift in Sources */ = {isa = PBXBuildFile; fileRef = 65D5684D2F6FD4E2008DFBE0 /* SleepRepository.swift */; };
		65D568502F6FD6B2008DFBE0 /* ExerciceRepository.swift in Sources */ = {isa = PBXBuildFile; fileRef = 65D5684F2F6FD6B2008DFBE0 /* ExerciceRepository.swift */; };
		65D568522F6FDAEB008DFBE0 /* DefaultData.swift in Sources */ = {isa = PBXBuildFile; fileRef = 65D568512F6FDAEB008DFBE0 /* DefaultData.swift */; };
		65D568552F788CA5008DFBE0 /* ExerciceRepositoryTests.swift in Sources */ = {isa = PBXBuildFile; fileRef = 65D568532F788CA5008DFBE0 /* ExerciceRepositoryTests.swift */; };
		65D568572F78B49B008DFBE0 /* SleepRepositoryTests.swift in Sources */ = {isa = PBXBuildFile; fileRef = 65D568562F78B49B008DFBE0 /* SleepRepositoryTests.swift */; };
		65D568592F78B540008DFBE0 /* UserRepositoryTests.swift in Sources */ = {isa = PBXBuildFile; fileRef = 65D568582F78B540008DFBE0 /* UserRepositoryTests.swift */; };
		65D5685B2F78BF48008DFBE0 /* ExerciseListVIewModelTests.swift in Sources */ = {isa = PBXBuildFile; fileRef = 65D5685A2F78BF48008DFBE0 /* ExerciseListVIewModelTests.swift */; };
		65D5685D2F78CB89008DFBE0 /* UserDataViewModelTests.swift in Sources */ = {isa = PBXBuildFile; fileRef = 65D5685C2F78CB89008DFBE0 /* UserDataViewModelTests.swift */; };
		65D5685F2F78DA85008DFBE0 /* AddExerciseViewModelTests.swift in Sources */ = {isa = PBXBuildFile; fileRef = 65D5685E2F78DA85008DFBE0 /* AddExerciseViewModelTests.swift */; };
		65D568612F78DAF1008DFBE0 /* SleepHistoryViewModelTests.swift in Sources */ = {isa = PBXBuildFile; fileRef = 65D568602F78DAF1008DFBE0 /* SleepHistoryViewModelTests.swift */; };
/* End PBXBuildFile section */

/* Begin PBXContainerItemProxy section */
		53E587432B235E9000E4EF99 /* PBXContainerItemProxy */ = {
			isa = PBXContainerItemProxy;
			containerPortal = 53E587252B235E8F00E4EF99 /* Project object */;
			proxyType = 1;
			remoteGlobalIDString = 53E5872C2B235E8F00E4EF99;
			remoteInfo = Arista;
		};
/* End PBXContainerItemProxy section */

/* Begin PBXFileReference section */
		53E5872D2B235E8F00E4EF99 /* Arista.app */ = {isa = PBXFileReference; explicitFileType = wrapper.application; includeInIndex = 0; path = Arista.app; sourceTree = BUILT_PRODUCTS_DIR; };
		53E587302B235E8F00E4EF99 /* AristaApp.swift */ = {isa = PBXFileReference; lastKnownFileType = sourcecode.swift; path = AristaApp.swift; sourceTree = "<group>"; };
		53E587342B235E9000E4EF99 /* Assets.xcassets */ = {isa = PBXFileReference; lastKnownFileType = folder.assetcatalog; path = Assets.xcassets; sourceTree = "<group>"; };
		53E587372B235E9000E4EF99 /* Preview Assets.xcassets */ = {isa = PBXFileReference; lastKnownFileType = folder.assetcatalog; path = "Preview Assets.xcassets"; sourceTree = "<group>"; };
		53E587392B235E9000E4EF99 /* Persistence.swift */ = {isa = PBXFileReference; lastKnownFileType = sourcecode.swift; path = Persistence.swift; sourceTree = "<group>"; };
		53E5873C2B235E9000E4EF99 /* Arista.xcdatamodel */ = {isa = PBXFileReference; lastKnownFileType = wrapper.xcdatamodel; path = Arista.xcdatamodel; sourceTree = "<group>"; };
		53E587422B235E9000E4EF99 /* AristaTests.xctest */ = {isa = PBXFileReference; explicitFileType = wrapper.cfbundle; includeInIndex = 0; path = AristaTests.xctest; sourceTree = BUILT_PRODUCTS_DIR; };
		53E587462B235E9000E4EF99 /* AristaTests.swift */ = {isa = PBXFileReference; lastKnownFileType = sourcecode.swift; path = AristaTests.swift; sourceTree = "<group>"; };
		53E587622B235FF600E4EF99 /* UserDataView.swift */ = {isa = PBXFileReference; lastKnownFileType = sourcecode.swift; path = UserDataView.swift; sourceTree = "<group>"; };
		53E587642B23600400E4EF99 /* ExerciseListView.swift */ = {isa = PBXFileReference; lastKnownFileType = sourcecode.swift; path = ExerciseListView.swift; sourceTree = "<group>"; };
		53E587662B23600C00E4EF99 /* SleepHistoryView.swift */ = {isa = PBXFileReference; lastKnownFileType = sourcecode.swift; path = SleepHistoryView.swift; sourceTree = "<group>"; };
		53E587682B23616A00E4EF99 /* UserDataViewModel.swift */ = {isa = PBXFileReference; lastKnownFileType = sourcecode.swift; path = UserDataViewModel.swift; sourceTree = "<group>"; };
		53E5876A2B23648500E4EF99 /* ExerciseListViewModel.swift */ = {isa = PBXFileReference; lastKnownFileType = sourcecode.swift; path = ExerciseListViewModel.swift; sourceTree = "<group>"; };
		53E5876C2B236D9E00E4EF99 /* AddExerciseView.swift */ = {isa = PBXFileReference; lastKnownFileType = sourcecode.swift; path = AddExerciseView.swift; sourceTree = "<group>"; };
		53E5876E2B236DBC00E4EF99 /* AddExerciseViewModel.swift */ = {isa = PBXFileReference; lastKnownFileType = sourcecode.swift; path = AddExerciseViewModel.swift; sourceTree = "<group>"; };
		53E587702B23714800E4EF99 /* SleepHistoryViewModel.swift */ = {isa = PBXFileReference; lastKnownFileType = sourcecode.swift; path = SleepHistoryViewModel.swift; sourceTree = "<group>"; };
		653CB44D2F793DE200B89AAB /* AppTheme.swift */ = {isa = PBXFileReference; lastKnownFileType = sourcecode.swift; name = AppTheme.swift; path = Arista/Views/AppTheme.swift; sourceTree = SOURCE_ROOT; };
		65D5684B2F6FD3CD008DFBE0 /* UserRepository.swift */ = {isa = PBXFileReference; lastKnownFileType = sourcecode.swift; name = UserRepository.swift; path = Arista/UserRepository.swift; sourceTree = SOURCE_ROOT; };
		65D5684D2F6FD4E2008DFBE0 /* SleepRepository.swift */ = {isa = PBXFileReference; lastKnownFileType = sourcecode.swift; name = SleepRepository.swift; path = Arista/SleepRepository.swift; sourceTree = SOURCE_ROOT; };
		65D5684F2F6FD6B2008DFBE0 /* ExerciceRepository.swift */ = {isa = PBXFileReference; lastKnownFileType = sourcecode.swift; name = ExerciceRepository.swift; path = Arista/ExerciceRepository.swift; sourceTree = SOURCE_ROOT; };
		65D568512F6FDAEB008DFBE0 /* DefaultData.swift */ = {isa = PBXFileReference; lastKnownFileType = sourcecode.swift; name = DefaultData.swift; path = Arista/DefaultData.swift; sourceTree = SOURCE_ROOT; };
		65D568532F788CA5008DFBE0 /* ExerciceRepositoryTests.swift */ = {isa = PBXFileReference; lastKnownFileType = sourcecode.swift; name = ExerciceRepositoryTests.swift; path = AristaTests/ExerciceRepositoryTests.swift; sourceTree = SOURCE_ROOT; };
		65D568562F78B49B008DFBE0 /* SleepRepositoryTests.swift */ = {isa = PBXFileReference; lastKnownFileType = sourcecode.swift; path = SleepRepositoryTests.swift; sourceTree = "<group>"; };
		65D568582F78B540008DFBE0 /* UserRepositoryTests.swift */ = {isa = PBXFileReference; lastKnownFileType = sourcecode.swift; path = UserRepositoryTests.swift; sourceTree = "<group>"; };
		65D5685A2F78BF48008DFBE0 /* ExerciseListVIewModelTests.swift */ = {isa = PBXFileReference; lastKnownFileType = sourcecode.swift; path = ExerciseListVIewModelTests.swift; sourceTree = "<group>"; };
		65D5685C2F78CB89008DFBE0 /* UserDataViewModelTests.swift */ = {isa = PBXFileReference; lastKnownFileType = sourcecode.swift; path = UserDataViewModelTests.swift; sourceTree = "<group>"; };
		65D5685E2F78DA85008DFBE0 /* AddExerciseViewModelTests.swift */ = {isa = PBXFileReference; lastKnownFileType = sourcecode.swift; path = AddExerciseViewModelTests.swift; sourceTree = "<group>"; };
		65D568602F78DAF1008DFBE0 /* SleepHistoryViewModelTests.swift */ = {isa = PBXFileReference; lastKnownFileType = sourcecode.swift; path = SleepHistoryViewModelTests.swift; sourceTree = "<group>"; };
/* End PBXFileReference section */

/* Begin PBXFrameworksBuildPhase section */
		53E5872A2B235E8F00E4EF99 /* Frameworks */ = {
			isa = PBXFrameworksBuildPhase;
			buildActionMask = 2147483647;
			files = (
			);
			runOnlyForDeploymentPostprocessing = 0;
		};
		53E5873F2B235E9000E4EF99 /* Frameworks */ = {
			isa = PBXFrameworksBuildPhase;
			buildActionMask = 2147483647;
			files = (
			);
			runOnlyForDeploymentPostprocessing = 0;
		};
/* End PBXFrameworksBuildPhase section */

/* Begin PBXGroup section */
		53E587242B235E8F00E4EF99 = {
			isa = PBXGroup;
			children = (
				53E5872F2B235E8F00E4EF99 /* Arista */,
				53E587452B235E9000E4EF99 /* AristaTests */,
				53E5872E2B235E8F00E4EF99 /* Products */,
			);
			sourceTree = "<group>";
		};
		53E5872E2B235E8F00E4EF99 /* Products */ = {
			isa = PBXGroup;
			children = (
				53E5872D2B235E8F00E4EF99 /* Arista.app */,
				53E587422B235E9000E4EF99 /* AristaTests.xctest */,
			);
			name = Products;
			sourceTree = "<group>";
		};
		53E5872F2B235E8F00E4EF99 /* Arista */ = {
			isa = PBXGroup;
			children = (
				53E587612B235FDC00E4EF99 /* ViewModels */,
				53E587602B235FD700E4EF99 /* Views */,
				53E5875F2B235FD200E4EF99 /* Models */,
				53E587302B235E8F00E4EF99 /* AristaApp.swift */,
				53E587342B235E9000E4EF99 /* Assets.xcassets */,
				53E587392B235E9000E4EF99 /* Persistence.swift */,
				53E5873B2B235E9000E4EF99 /* Arista.xcdatamodeld */,
				53E587362B235E9000E4EF99 /* Preview Content */,
			);
			path = Arista;
			sourceTree = "<group>";
		};
		53E587362B235E9000E4EF99 /* Preview Content */ = {
			isa = PBXGroup;
			children = (
				53E587372B235E9000E4EF99 /* Preview Assets.xcassets */,
			);
			path = "Preview Content";
			sourceTree = "<group>";
		};
		53E587452B235E9000E4EF99 /* AristaTests */ = {
			isa = PBXGroup;
			children = (
				53E587462B235E9000E4EF99 /* AristaTests.swift */,
				65D568532F788CA5008DFBE0 /* ExerciceRepositoryTests.swift */,
				65D568562F78B49B008DFBE0 /* SleepRepositoryTests.swift */,
				65D568582F78B540008DFBE0 /* UserRepositoryTests.swift */,
				65D5685A2F78BF48008DFBE0 /* ExerciseListVIewModelTests.swift */,
				65D5685C2F78CB89008DFBE0 /* UserDataViewModelTests.swift */,
				65D5685E2F78DA85008DFBE0 /* AddExerciseViewModelTests.swift */,
				65D568602F78DAF1008DFBE0 /* SleepHistoryViewModelTests.swift */,
			);
			path = AristaTests;
			sourceTree = "<group>";
		};
		53E5875F2B235FD200E4EF99 /* Models */ = {
			isa = PBXGroup;
			children = (
				65D5684B2F6FD3CD008DFBE0 /* UserRepository.swift */,
				65D5684D2F6FD4E2008DFBE0 /* SleepRepository.swift */,
				65D5684F2F6FD6B2008DFBE0 /* ExerciceRepository.swift */,
				65D568512F6FDAEB008DFBE0 /* DefaultData.swift */,
			);
			path = Models;
			sourceTree = "<group>";
		};
		53E587602B235FD700E4EF99 /* Views */ = {
			isa = PBXGroup;
			children = (
				53E587622B235FF600E4EF99 /* UserDataView.swift */,
				53E587642B23600400E4EF99 /* ExerciseListView.swift */,
				53E587662B23600C00E4EF99 /* SleepHistoryView.swift */,
				53E5876C2B236D9E00E4EF99 /* AddExerciseView.swift */,
				653CB44D2F793DE200B89AAB /* AppTheme.swift */,
			);
			path = Views;
			sourceTree = "<group>";
		};
		53E587612B235FDC00E4EF99 /* ViewModels */ = {
			isa = PBXGroup;
			children = (
				53E587682B23616A00E4EF99 /* UserDataViewModel.swift */,
				53E5876A2B23648500E4EF99 /* ExerciseListViewModel.swift */,
				53E5876E2B236DBC00E4EF99 /* AddExerciseViewModel.swift */,
				53E587702B23714800E4EF99 /* SleepHistoryViewModel.swift */,
			);
			path = ViewModels;
			sourceTree = "<group>";
		};
/* End PBXGroup section */

/* Begin PBXNativeTarget section */
		53E5872C2B235E8F00E4EF99 /* Arista */ = {
			isa = PBXNativeTarget;
			buildConfigurationList = 53E587562B235E9000E4EF99 /* Build configuration list for PBXNativeTarget "Arista" */;
			buildPhases = (
				53E587292B235E8F00E4EF99 /* Sources */,
				53E5872A2B235E8F00E4EF99 /* Frameworks */,
				53E5872B2B235E8F00E4EF99 /* Resources */,
			);
			buildRules = (
			);
			dependencies = (
			);
			name = Arista;
			productName = Arista;
			productReference = 53E5872D2B235E8F00E4EF99 /* Arista.app */;
			productType = "com.apple.product-type.application";
		};
		53E587412B235E9000E4EF99 /* AristaTests */ = {
			isa = PBXNativeTarget;
			buildConfigurationList = 53E587592B235E9000E4EF99 /* Build configuration list for PBXNativeTarget "AristaTests" */;
			buildPhases = (
				53E5873E2B235E9000E4EF99 /* Sources */,
				53E5873F2B235E9000E4EF99 /* Frameworks */,
				53E587402B235E9000E4EF99 /* Resources */,
			);
			buildRules = (
			);
			dependencies = (
				53E587442B235E9000E4EF99 /* PBXTargetDependency */,
			);
			name = AristaTests;
			productName = AristaTests;
			productReference = 53E587422B235E9000E4EF99 /* AristaTests.xctest */;
			productType = "com.apple.product-type.bundle.unit-test";
		};
/* End PBXNativeTarget section */

/* Begin PBXProject section */
		53E587252B235E8F00E4EF99 /* Project object */ = {
			isa = PBXProject;
			attributes = {
				BuildIndependentTargetsInParallel = 1;
				LastSwiftUpdateCheck = 1500;
				LastUpgradeCheck = 1500;
				TargetAttributes = {
					53E5872C2B235E8F00E4EF99 = {
						CreatedOnToolsVersion = 15.0.1;
					};
					53E587412B235E9000E4EF99 = {
						CreatedOnToolsVersion = 15.0.1;
						TestTargetID = 53E5872C2B235E8F00E4EF99;
					};
				};
			};
			buildConfigurationList = 53E587282B235E8F00E4EF99 /* Build configuration list for PBXProject "Arista" */;
			compatibilityVersion = "Xcode 14.0";
			developmentRegion = en;
			hasScannedForEncodings = 0;
			knownRegions = (
				en,
				Base,
			);
			mainGroup = 53E587242B235E8F00E4EF99;
			productRefGroup = 53E5872E2B235E8F00E4EF99 /* Products */;
			projectDirPath = "";
			projectRoot = "";
			targets = (
				53E5872C2B235E8F00E4EF99 /* Arista */,
				53E587412B235E9000E4EF99 /* AristaTests */,
			);
		};
/* End PBXProject section */

/* Begin PBXResourcesBuildPhase section */
		53E5872B2B235E8F00E4EF99 /* Resources */ = {
			isa = PBXResourcesBuildPhase;
			buildActionMask = 2147483647;
			files = (
				53E587382B235E9000E4EF99 /* Preview Assets.xcassets in Resources */,
				53E587352B235E9000E4EF99 /* Assets.xcassets in Resources */,
			);
			runOnlyForDeploymentPostprocessing = 0;
		};
		53E587402B235E9000E4EF99 /* Resources */ = {
			isa = PBXResourcesBuildPhase;
			buildActionMask = 2147483647;
			files = (
			);
			runOnlyForDeploymentPostprocessing = 0;
		};
/* End PBXResourcesBuildPhase section */

/* Begin PBXSourcesBuildPhase section */
		53E587292B235E8F00E4EF99 /* Sources */ = {
			isa = PBXSourcesBuildPhase;
			buildActionMask = 2147483647;
			files = (
				65D568522F6FDAEB008DFBE0 /* DefaultData.swift in Sources */,
				53E5873A2B235E9000E4EF99 /* Persistence.swift in Sources */,
				53E587712B23714800E4EF99 /* SleepHistoryViewModel.swift in Sources */,
				65D5684C2F6FD3CD008DFBE0 /* UserRepository.swift in Sources */,
				53E587632B235FF600E4EF99 /* UserDataView.swift in Sources */,
				53E587672B23600C00E4EF99 /* SleepHistoryView.swift in Sources */,
				53E587312B235E8F00E4EF99 /* AristaApp.swift in Sources */,
				53E587652B23600400E4EF99 /* ExerciseListView.swift in Sources */,
				53E5876B2B23648500E4EF99 /* ExerciseListViewModel.swift in Sources */,
				53E5873D2B235E9000E4EF99 /* Arista.xcdatamodeld in Sources */,
				53E5876D2B236D9E00E4EF99 /* AddExerciseView.swift in Sources */,
				53E5876F2B236DBC00E4EF99 /* AddExerciseViewModel.swift in Sources */,
				53E587692B23616A00E4EF99 /* UserDataViewModel.swift in Sources */,
				653CB44F2F79473800B89AAB /* AppTheme.swift in Sources */,
				65D5684E2F6FD4E2008DFBE0 /* SleepRepository.swift in Sources */,
				65D568502F6FD6B2008DFBE0 /* ExerciceRepository.swift in Sources */,
			);
			runOnlyForDeploymentPostprocessing = 0;
		};
		53E5873E2B235E9000E4EF99 /* Sources */ = {
			isa = PBXSourcesBuildPhase;
			buildActionMask = 2147483647;
			files = (
				65D5685B2F78BF48008DFBE0 /* ExerciseListVIewModelTests.swift in Sources */,
				65D5685D2F78CB89008DFBE0 /* UserDataViewModelTests.swift in Sources */,
				65D568612F78DAF1008DFBE0 /* SleepHistoryViewModelTests.swift in Sources */,
				53E587472B235E9000E4EF99 /* AristaTests.swift in Sources */,
				65D568572F78B49B008DFBE0 /* SleepRepositoryTests.swift in Sources */,
				65D568592F78B540008DFBE0 /* UserRepositoryTests.swift in Sources */,
				65D5685F2F78DA85008DFBE0 /* AddExerciseViewModelTests.swift in Sources */,
				65D568552F788CA5008DFBE0 /* ExerciceRepositoryTests.swift in Sources */,
			);
			runOnlyForDeploymentPostprocessing = 0;
		};
/* End PBXSourcesBuildPhase section */

/* Begin PBXTargetDependency section */
		53E587442B235E9000E4EF99 /* PBXTargetDependency */ = {
			isa = PBXTargetDependency;
			target = 53E5872C2B235E8F00E4EF99 /* Arista */;
			targetProxy = 53E587432B235E9000E4EF99 /* PBXContainerItemProxy */;
		};
/* End PBXTargetDependency section */

/* Begin XCBuildConfiguration section */
		53E587542B235E9000E4EF99 /* Debug */ = {
			isa = XCBuildConfiguration;
			buildSettings = {
				ALWAYS_SEARCH_USER_PATHS = NO;
				ASSETCATALOG_COMPILER_GENERATE_SWIFT_ASSET_SYMBOL_EXTENSIONS = YES;
				CLANG_ANALYZER_NONNULL = YES;
				CLANG_ANALYZER_NUMBER_OBJECT_CONVERSION = YES_AGGRESSIVE;
				CLANG_CXX_LANGUAGE_STANDARD = "gnu++20";
				CLANG_ENABLE_MODULES = YES;
				CLANG_ENABLE_OBJC_ARC = YES;
				CLANG_ENABLE_OBJC_WEAK = YES;
				CLANG_WARN_BLOCK_CAPTURE_AUTORELEASING = YES;
				CLANG_WARN_BOOL_CONVERSION = YES;
				CLANG_WARN_COMMA = YES;
				CLANG_WARN_CONSTANT_CONVERSION = YES;
				CLANG_WARN_DEPRECATED_OBJC_IMPLEMENTATIONS = YES;
				CLANG_WARN_DIRECT_OBJC_ISA_USAGE = YES_ERROR;
				CLANG_WARN_DOCUMENTATION_COMMENTS = YES;
				CLANG_WARN_EMPTY_BODY = YES;
				CLANG_WARN_ENUM_CONVERSION = YES;
				CLANG_WARN_INFINITE_RECURSION = YES;
				CLANG_WARN_INT_CONVERSION = YES;
				CLANG_WARN_NON_LITERAL_NULL_CONVERSION = YES;
				CLANG_WARN_OBJC_IMPLICIT_RETAIN_SELF = YES;
				CLANG_WARN_OBJC_LITERAL_CONVERSION = YES;
				CLANG_WARN_OBJC_ROOT_CLASS = YES_ERROR;
				CLANG_WARN_QUOTED_INCLUDE_IN_FRAMEWORK_HEADER = YES;
				CLANG_WARN_RANGE_LOOP_ANALYSIS = YES;
				CLANG_WARN_STRICT_PROTOTYPES = YES;
				CLANG_WARN_SUSPICIOUS_MOVE = YES;
				CLANG_WARN_UNGUARDED_AVAILABILITY = YES_AGGRESSIVE;
				CLANG_WARN_UNREACHABLE_CODE = YES;
				CLANG_WARN__DUPLICATE_METHOD_MATCH = YES;
				COPY_PHASE_STRIP = NO;
				DEBUG_INFORMATION_FORMAT = dwarf;
				ENABLE_STRICT_OBJC_MSGSEND = YES;
				ENABLE_TESTABILITY = YES;
				ENABLE_USER_SCRIPT_SANDBOXING = YES;
				GCC_C_LANGUAGE_STANDARD = gnu17;
				GCC_DYNAMIC_NO_PIC = NO;
				GCC_NO_COMMON_BLOCKS = YES;
				GCC_OPTIMIZATION_LEVEL = 0;
				GCC_PREPROCESSOR_DEFINITIONS = (
					"DEBUG=1",
					"$(inherited)",
				);
				GCC_WARN_64_TO_32_BIT_CONVERSION = YES;
				GCC_WARN_ABOUT_RETURN_TYPE = YES_ERROR;
				GCC_WARN_UNDECLARED_SELECTOR = YES;
				GCC_WARN_UNINITIALIZED_AUTOS = YES_AGGRESSIVE;
				GCC_WARN_UNUSED_FUNCTION = YES;
				GCC_WARN_UNUSED_VARIABLE = YES;
				IPHONEOS_DEPLOYMENT_TARGET = 17.0;
				LOCALIZATION_PREFERS_STRING_CATALOGS = YES;
				MTL_ENABLE_DEBUG_INFO = INCLUDE_SOURCE;
				MTL_FAST_MATH = YES;
				ONLY_ACTIVE_ARCH = YES;
				SDKROOT = iphoneos;
				SWIFT_ACTIVE_COMPILATION_CONDITIONS = "DEBUG $(inherited)";
				SWIFT_OPTIMIZATION_LEVEL = "-Onone";
			};
			name = Debug;
		};
		53E587552B235E9000E4EF99 /* Release */ = {
			isa = XCBuildConfiguration;
			buildSettings = {
				ALWAYS_SEARCH_USER_PATHS = NO;
				ASSETCATALOG_COMPILER_GENERATE_SWIFT_ASSET_SYMBOL_EXTENSIONS = YES;
				CLANG_ANALYZER_NONNULL = YES;
				CLANG_ANALYZER_NUMBER_OBJECT_CONVERSION = YES_AGGRESSIVE;
				CLANG_CXX_LANGUAGE_STANDARD = "gnu++20";
				CLANG_ENABLE_MODULES = YES;
				CLANG_ENABLE_OBJC_ARC = YES;
				CLANG_ENABLE_OBJC_WEAK = YES;
				CLANG_WARN_BLOCK_CAPTURE_AUTORELEASING = YES;
				CLANG_WARN_BOOL_CONVERSION = YES;
				CLANG_WARN_COMMA = YES;
				CLANG_WARN_CONSTANT_CONVERSION = YES;
				CLANG_WARN_DEPRECATED_OBJC_IMPLEMENTATIONS = YES;
				CLANG_WARN_DIRECT_OBJC_ISA_USAGE = YES_ERROR;
				CLANG_WARN_DOCUMENTATION_COMMENTS = YES;
				CLANG_WARN_EMPTY_BODY = YES;
				CLANG_WARN_ENUM_CONVERSION = YES;
				CLANG_WARN_INFINITE_RECURSION = YES;
				CLANG_WARN_INT_CONVERSION = YES;
				CLANG_WARN_NON_LITERAL_NULL_CONVERSION = YES;
				CLANG_WARN_OBJC_IMPLICIT_RETAIN_SELF = YES;
				CLANG_WARN_OBJC_LITERAL_CONVERSION = YES;
				CLANG_WARN_OBJC_ROOT_CLASS = YES_ERROR;
				CLANG_WARN_QUOTED_INCLUDE_IN_FRAMEWORK_HEADER = YES;
				CLANG_WARN_RANGE_LOOP_ANALYSIS = YES;
				CLANG_WARN_STRICT_PROTOTYPES = YES;
				CLANG_WARN_SUSPICIOUS_MOVE = YES;
				CLANG_WARN_UNGUARDED_AVAILABILITY = YES_AGGRESSIVE;
				CLANG_WARN_UNREACHABLE_CODE = YES;
				CLANG_WARN__DUPLICATE_METHOD_MATCH = YES;
				COPY_PHASE_STRIP = NO;
				DEBUG_INFORMATION_FORMAT = "dwarf-with-dsym";
				ENABLE_NS_ASSERTIONS = NO;
				ENABLE_STRICT_OBJC_MSGSEND = YES;
				ENABLE_USER_SCRIPT_SANDBOXING = YES;
				GCC_C_LANGUAGE_STANDARD = gnu17;
				GCC_NO_COMMON_BLOCKS = YES;
				GCC_WARN_64_TO_32_BIT_CONVERSION = YES;
				GCC_WARN_ABOUT_RETURN_TYPE = YES_ERROR;
				GCC_WARN_UNDECLARED_SELECTOR = YES;
				GCC_WARN_UNINITIALIZED_AUTOS = YES_AGGRESSIVE;
				GCC_WARN_UNUSED_FUNCTION = YES;
				GCC_WARN_UNUSED_VARIABLE = YES;
				IPHONEOS_DEPLOYMENT_TARGET = 17.0;
				LOCALIZATION_PREFERS_STRING_CATALOGS = YES;
				MTL_ENABLE_DEBUG_INFO = NO;
				MTL_FAST_MATH = YES;
				SDKROOT = iphoneos;
				SWIFT_COMPILATION_MODE = wholemodule;
				VALIDATE_PRODUCT = YES;
			};
			name = Release;
		};
		53E587572B235E9000E4EF99 /* Debug */ = {
			isa = XCBuildConfiguration;
			buildSettings = {
				ASSETCATALOG_COMPILER_APPICON_NAME = AppIcon;
				ASSETCATALOG_COMPILER_GLOBAL_ACCENT_COLOR_NAME = AccentColor;
				CODE_SIGN_STYLE = Automatic;
				CURRENT_PROJECT_VERSION = 1;
				DEVELOPMENT_ASSET_PATHS = "\"Arista/Preview Content\"";
				ENABLE_PREVIEWS = YES;
				GENERATE_INFOPLIST_FILE = YES;
				INFOPLIST_KEY_UIApplicationSceneManifest_Generation = YES;
				INFOPLIST_KEY_UIApplicationSupportsIndirectInputEvents = YES;
				INFOPLIST_KEY_UILaunchScreen_Generation = YES;
				INFOPLIST_KEY_UISupportedInterfaceOrientations_iPad = "UIInterfaceOrientationPortrait UIInterfaceOrientationPortraitUpsideDown UIInterfaceOrientationLandscapeLeft UIInterfaceOrientationLandscapeRight";
				INFOPLIST_KEY_UISupportedInterfaceOrientations_iPhone = "UIInterfaceOrientationPortrait UIInterfaceOrientationLandscapeLeft UIInterfaceOrientationLandscapeRight";
				LD_RUNPATH_SEARCH_PATHS = (
					"$(inherited)",
					"@executable_path/Frameworks",
				);
				MARKETING_VERSION = 1.0;
				PRODUCT_BUNDLE_IDENTIFIER = com.arista.Arista;
				PRODUCT_NAME = "$(TARGET_NAME)";
				SWIFT_EMIT_LOC_STRINGS = YES;
				SWIFT_VERSION = 5.0;
				TARGETED_DEVICE_FAMILY = "1,2";
			};
			name = Debug;
		};
		53E587582B235E9000E4EF99 /* Release */ = {
			isa = XCBuildConfiguration;
			buildSettings = {
				ASSETCATALOG_COMPILER_APPICON_NAME = AppIcon;
				ASSETCATALOG_COMPILER_GLOBAL_ACCENT_COLOR_NAME = AccentColor;
				CODE_SIGN_STYLE = Automatic;
				CURRENT_PROJECT_VERSION = 1;
				DEVELOPMENT_ASSET_PATHS = "\"Arista/Preview Content\"";
				ENABLE_PREVIEWS = YES;
				GENERATE_INFOPLIST_FILE = YES;
				INFOPLIST_KEY_UIApplicationSceneManifest_Generation = YES;
				INFOPLIST_KEY_UIApplicationSupportsIndirectInputEvents = YES;
				INFOPLIST_KEY_UILaunchScreen_Generation = YES;
				INFOPLIST_KEY_UISupportedInterfaceOrientations_iPad = "UIInterfaceOrientationPortrait UIInterfaceOrientationPortraitUpsideDown UIInterfaceOrientationLandscapeLeft UIInterfaceOrientationLandscapeRight";
				INFOPLIST_KEY_UISupportedInterfaceOrientations_iPhone = "UIInterfaceOrientationPortrait UIInterfaceOrientationLandscapeLeft UIInterfaceOrientationLandscapeRight";
				LD_RUNPATH_SEARCH_PATHS = (
					"$(inherited)",
					"@executable_path/Frameworks",
				);
				MARKETING_VERSION = 1.0;
				PRODUCT_BUNDLE_IDENTIFIER = com.arista.Arista;
				PRODUCT_NAME = "$(TARGET_NAME)";
				SWIFT_EMIT_LOC_STRINGS = YES;
				SWIFT_VERSION = 5.0;
				TARGETED_DEVICE_FAMILY = "1,2";
			};
			name = Release;
		};
		53E5875A2B235E9000E4EF99 /* Debug */ = {
			isa = XCBuildConfiguration;
			buildSettings = {
				BUNDLE_LOADER = "$(TEST_HOST)";
				CODE_SIGN_STYLE = Automatic;
				CURRENT_PROJECT_VERSION = 1;
				GENERATE_INFOPLIST_FILE = YES;
				IPHONEOS_DEPLOYMENT_TARGET = 17.0;
				MARKETING_VERSION = 1.0;
				PRODUCT_BUNDLE_IDENTIFIER = com.arista.AristaTests;
				PRODUCT_NAME = "$(TARGET_NAME)";
				SWIFT_EMIT_LOC_STRINGS = NO;
				SWIFT_VERSION = 5.0;
				TARGETED_DEVICE_FAMILY = "1,2";
				TEST_HOST = "$(BUILT_PRODUCTS_DIR)/Arista.app/$(BUNDLE_EXECUTABLE_FOLDER_PATH)/Arista";
			};
			name = Debug;
		};
		53E5875B2B235E9000E4EF99 /* Release */ = {
			isa = XCBuildConfiguration;
			buildSettings = {
				BUNDLE_LOADER = "$(TEST_HOST)";
				CODE_SIGN_STYLE = Automatic;
				CURRENT_PROJECT_VERSION = 1;
				GENERATE_INFOPLIST_FILE = YES;
				IPHONEOS_DEPLOYMENT_TARGET = 17.0;
				MARKETING_VERSION = 1.0;
				PRODUCT_BUNDLE_IDENTIFIER = com.arista.AristaTests;
				PRODUCT_NAME = "$(TARGET_NAME)";
				SWIFT_EMIT_LOC_STRINGS = NO;
				SWIFT_VERSION = 5.0;
				TARGETED_DEVICE_FAMILY = "1,2";
				TEST_HOST = "$(BUILT_PRODUCTS_DIR)/Arista.app/$(BUNDLE_EXECUTABLE_FOLDER_PATH)/Arista";
			};
			name = Release;
		};
/* End XCBuildConfiguration section */

/* Begin XCConfigurationList section */
		53E587282B235E8F00E4EF99 /* Build configuration list for PBXProject "Arista" */ = {
			isa = XCConfigurationList;
			buildConfigurations = (
				53E587542B235E9000E4EF99 /* Debug */,
				53E587552B235E9000E4EF99 /* Release */,
			);
			defaultConfigurationIsVisible = 0;
			defaultConfigurationName = Release;
		};
		53E587562B235E9000E4EF99 /* Build configuration list for PBXNativeTarget "Arista" */ = {
			isa = XCConfigurationList;
			buildConfigurations = (
				53E587572B235E9000E4EF99 /* Debug */,
				53E587582B235E9000E4EF99 /* Release */,
			);
			defaultConfigurationIsVisible = 0;
			defaultConfigurationName = Release;
		};
		53E587592B235E9000E4EF99 /* Build configuration list for PBXNativeTarget "AristaTests" */ = {
			isa = XCConfigurationList;
			buildConfigurations = (
				53E5875A2B235E9000E4EF99 /* Debug */,
				53E5875B2B235E9000E4EF99 /* Release */,
			);
			defaultConfigurationIsVisible = 0;
			defaultConfigurationName = Release;
		};
/* End XCConfigurationList section */

/* Begin XCVersionGroup section */
		53E5873B2B235E9000E4EF99 /* Arista.xcdatamodeld */ = {
			isa = XCVersionGroup;
			children = (
				53E5873C2B235E9000E4EF99 /* Arista.xcdatamodel */,
			);
			currentVersion = 53E5873C2B235E9000E4EF99 /* Arista.xcdatamodel */;
			path = Arista.xcdatamodeld;
			sourceTree = "<group>";
			versionGroupType = wrapper.xcdatamodel;
		};
/* End XCVersionGroup section */
	};
	rootObject = 53E587252B235E8F00E4EF99 /* Project object */;
}
